
Microsoft Visual Studio Solution File, Format Version 12.00
# Visual Studio Version 16
VisualStudioVersion = 16.0.29324.140
MinimumVisualStudioVersion = 10.0.40219.1
Project("{FAE04EC0-301F-11D3-BF4B-00C04F79EFBC}") = "WebAdvert.Web", "WebAdvert.Web.csproj", "{1485B832-C527-4890-8B9B-FA0E9DBF76EC}"
EndProject
Global
	GlobalSection(SolutionConfigurationPlatforms) = preSolution
		Debug|Any CPU = Debug|Any CPU
		Release|Any CPU = Release|Any CPU
	EndGlobalSection
	GlobalSection(ProjectConfigurationPlatforms) = postSolution
		{1485B832-C527-4890-8B9B-FA0E9DBF76EC}.Debug|Any CPU.ActiveCfg = Debug|Any CPU
		{1485B832-C527-4890-8B9B-FA0E9DBF76EC}.Debug|Any CPU.Build.0 = Debug|Any CPU
		{1485B832-C527-4890-8B9B-FA0E9DBF76EC}.Release|Any CPU.ActiveCfg = Release|Any CPU
		{1485B832-C527-4890-8B9B-FA0E9DBF76EC}.Release|Any CPU.Build.0 = Release|Any CPU
	EndGlobalSection
	GlobalSection(SolutionProperties) = preSolution
		HideSolutionNode = FALSE
	EndGlobalSection
	GlobalSection(ExtensibilityGlobals) = postSolution
		SolutionGuid = {0510559C-498D-4AB1-8A97-8882BF02BC30}
	EndGlobalSection
EndGlobal
